
Microsoft Visual Studio Solution File, Format Version 12.00
# Visual Studio Version 17
VisualStudioVersion = 17.4.33110.190
MinimumVisualStudioVersion = 10.0.40219.1
Project("{FAE04EC0-301F-11D3-BF4B-00C04F79EFBC}") = "Lab5MusicAPI", "Lab5MusicAPI\Lab5MusicAPI.csproj", "{FFC96843-C500-4495-9919-D7C16743B832}"
EndProject
Global
	GlobalSection(SolutionConfigurationPlatforms) = preSolution
		Debug|Any CPU = Debug|Any CPU
		Release|Any CPU = Release|Any CPU
	EndGlobalSection
	GlobalSection(ProjectConfigurationPlatforms) = postSolution
		{FFC96843-C500-4495-9919-D7C16743B832}.Debug|Any CPU.ActiveCfg = Debug|Any CPU
		{FFC96843-C500-4495-9919-D7C16743B832}.Debug|Any CPU.Build.0 = Debug|Any CPU
		{FFC96843-C500-4495-9919-D7C16743B832}.Release|Any CPU.ActiveCfg = Release|Any CPU
		{FFC96843-C500-4495-9919-D7C16743B832}.Release|Any CPU.Build.0 = Release|Any CPU
	EndGlobalSection
	GlobalSection(SolutionProperties) = preSolution
		HideSolutionNode = FALSE
	EndGlobalSection
	GlobalSection(ExtensibilityGlobals) = postSolution
		SolutionGuid = {435318F2-4361-4204-87B0-56C1495DA434}
	EndGlobalSection
EndGlobal
